
Microsoft Visual Studio Solution File, Format Version 12.00
# Visual Studio Version 17
VisualStudioVersion = 17.2.32526.322
MinimumVisualStudioVersion = 10.0.40219.1
Project("{9A19103F-16F7-4668-BE54-9A1E7A4F7556}") = "dbl.twins.test", "..\..\tests\csharp\dbl.twins.test\dbl.twins.test.csproj", "{34500CB9-5EFC-473D-BF28-531B5E4890C7}"
EndProject
Project("{9A19103F-16F7-4668-BE54-9A1E7A4F7556}") = "dbl.twins.testclient", "dbl.twins.testclient\dbl.twins.testclient.csproj", "{3B747066-F2F9-4334-A516-CD7FDA3A3C3B}"
EndProject
Project("{9A19103F-16F7-4668-BE54-9A1E7A4F7556}") = "dbl.twins.sdk.core", "dbl.twins.sdk.std\dbl.twins.sdk.core.csproj", "{CA7A05D0-807C-4F82-9FDF-6D8EECEC4C02}"
EndProject
Project("{9A19103F-16F7-4668-BE54-9A1E7A4F7556}") = "dbl.dts.unityplugin", "dbl.dts.unityplugin\dbl.dts.unityplugin.csproj", "{B96A39F4-CD01-4714-8FA6-F63180B3D262}"
EndProject
Global
	GlobalSection(SolutionConfigurationPlatforms) = preSolution
		Debug|Any CPU = Debug|Any CPU
		Release|Any CPU = Release|Any CPU
	EndGlobalSection
	GlobalSection(ProjectConfigurationPlatforms) = postSolution
		{34500CB9-5EFC-473D-BF28-531B5E4890C7}.Debug|Any CPU.ActiveCfg = Debug|Any CPU
		{34500CB9-5EFC-473D-BF28-531B5E4890C7}.Debug|Any CPU.Build.0 = Debug|Any CPU
		{34500CB9-5EFC-473D-BF28-531B5E4890C7}.Release|Any CPU.ActiveCfg = Release|Any CPU
		{34500CB9-5EFC-473D-BF28-531B5E4890C7}.Release|Any CPU.Build.0 = Release|Any CPU
		{3B747066-F2F9-4334-A516-CD7FDA3A3C3B}.Debug|Any CPU.ActiveCfg = Debug|Any CPU
		{3B747066-F2F9-4334-A516-CD7FDA3A3C3B}.Debug|Any CPU.Build.0 = Debug|Any CPU
		{3B747066-F2F9-4334-A516-CD7FDA3A3C3B}.Release|Any CPU.ActiveCfg = Release|Any CPU
		{3B747066-F2F9-4334-A516-CD7FDA3A3C3B}.Release|Any CPU.Build.0 = Release|Any CPU
		{CA7A05D0-807C-4F82-9FDF-6D8EECEC4C02}.Debug|Any CPU.ActiveCfg = Debug|Any CPU
		{CA7A05D0-807C-4F82-9FDF-6D8EECEC4C02}.Debug|Any CPU.Build.0 = Debug|Any CPU
		{CA7A05D0-807C-4F82-9FDF-6D8EECEC4C02}.Release|Any CPU.ActiveCfg = Release|Any CPU
		{CA7A05D0-807C-4F82-9FDF-6D8EECEC4C02}.Release|Any CPU.Build.0 = Release|Any CPU
		{B96A39F4-CD01-4714-8FA6-F63180B3D262}.Debug|Any CPU.ActiveCfg = Debug|Any CPU
		{B96A39F4-CD01-4714-8FA6-F63180B3D262}.Debug|Any CPU.Build.0 = Debug|Any CPU
		{B96A39F4-CD01-4714-8FA6-F63180B3D262}.Release|Any CPU.ActiveCfg = Release|Any CPU
		{B96A39F4-CD01-4714-8FA6-F63180B3D262}.Release|Any CPU.Build.0 = Release|Any CPU
	EndGlobalSection
	GlobalSection(SolutionProperties) = preSolution
		HideSolutionNode = FALSE
	EndGlobalSection
	GlobalSection(ExtensibilityGlobals) = postSolution
		SolutionGuid = {2FC48AD7-E3F9-4ABB-9341-086F0C143DD1}
	EndGlobalSection
EndGlobal
